
Microsoft Visual Studio Solution File, Format Version 12.00
# Visual Studio Version 17
VisualStudioVersion = 17.0.31903.59
MinimumVisualStudioVersion = 10.0.40219.1
Project("{FAE04EC0-301F-11D3-BF4B-00C04F79EFBC}") = "WinShotTidy.Service", "WinShotTidy.Service\WinShotTidy.Service.csproj", "{406C1B34-6E1F-487F-B0D2-57B11B902469}"
EndProject
Global
	GlobalSection(SolutionConfigurationPlatforms) = preSolution
		Debug|Any CPU = Debug|Any CPU
		Release|Any CPU = Release|Any CPU
	EndGlobalSection
	GlobalSection(SolutionProperties) = preSolution
		HideSolutionNode = FALSE
	EndGlobalSection
	GlobalSection(ProjectConfigurationPlatforms) = postSolution
		{406C1B34-6E1F-487F-B0D2-57B11B902469}.Debug|Any CPU.ActiveCfg = Debug|Any CPU
		{406C1B34-6E1F-487F-B0D2-57B11B902469}.Debug|Any CPU.Build.0 = Debug|Any CPU
		{406C1B34-6E1F-487F-B0D2-57B11B902469}.Release|Any CPU.ActiveCfg = Release|Any CPU
		{406C1B34-6E1F-487F-B0D2-57B11B902469}.Release|Any CPU.Build.0 = Release|Any CPU
	EndGlobalSection
EndGlobal
